
Microsoft Visual Studio Solution File, Format Version 12.00
# Visual Studio Version 17
VisualStudioVersion = 17.10.35122.118
MinimumVisualStudioVersion = 10.0.40219.1
Project("{FAE04EC0-301F-11D3-BF4B-00C04F79EFBC}") = "SignalR", "SignalR\SignalR.csproj", "{A9406C7E-D774-4F3C-A4B9-C785274EC0C4}"
EndProject
Global
	GlobalSection(SolutionConfigurationPlatforms) = preSolution
		Debug|Any CPU = Debug|Any CPU
		Release|Any CPU = Release|Any CPU
	EndGlobalSection
	GlobalSection(ProjectConfigurationPlatforms) = postSolution
		{A9406C7E-D774-4F3C-A4B9-C785274EC0C4}.Debug|Any CPU.ActiveCfg = Debug|Any CPU
		{A9406C7E-D774-4F3C-A4B9-C785274EC0C4}.Debug|Any CPU.Build.0 = Debug|Any CPU
		{A9406C7E-D774-4F3C-A4B9-C785274EC0C4}.Release|Any CPU.ActiveCfg = Release|Any CPU
		{A9406C7E-D774-4F3C-A4B9-C785274EC0C4}.Release|Any CPU.Build.0 = Release|Any CPU
	EndGlobalSection
	GlobalSection(SolutionProperties) = preSolution
		HideSolutionNode = FALSE
	EndGlobalSection
	GlobalSection(ExtensibilityGlobals) = postSolution
		SolutionGuid = {C9FD6F2C-550A-4B20-B1CD-741750000000}
	EndGlobalSection
EndGlobal
